
Microsoft Visual Studio Solution File, Format Version 12.00
# Visual Studio Version 17
VisualStudioVersion = 17.8.34322.80
MinimumVisualStudioVersion = 10.0.40219.1
Project("{FAE04EC0-301F-11D3-BF4B-00C04F79EFBC}") = "Jokes-WebApp", "Jokes-WebApp\Jokes-WebApp.csproj", "{3E6B7E08-9DB3-439A-88AD-1485A7F2EBC3}"
EndProject
Global
	GlobalSection(SolutionConfigurationPlatforms) = preSolution
		Debug|Any CPU = Debug|Any CPU
		Release|Any CPU = Release|Any CPU
	EndGlobalSection
	GlobalSection(ProjectConfigurationPlatforms) = postSolution
		{3E6B7E08-9DB3-439A-88AD-1485A7F2EBC3}.Debug|Any CPU.ActiveCfg = Debug|Any CPU
		{3E6B7E08-9DB3-439A-88AD-1485A7F2EBC3}.Debug|Any CPU.Build.0 = Debug|Any CPU
		{3E6B7E08-9DB3-439A-88AD-1485A7F2EBC3}.Release|Any CPU.ActiveCfg = Release|Any CPU
		{3E6B7E08-9DB3-439A-88AD-1485A7F2EBC3}.Release|Any CPU.Build.0 = Release|Any CPU
	EndGlobalSection
	GlobalSection(SolutionProperties) = preSolution
		HideSolutionNode = FALSE
	EndGlobalSection
	GlobalSection(ExtensibilityGlobals) = postSolution
		SolutionGuid = {9B169674-E642-4322-8A7B-32766D06758F}
	EndGlobalSection
EndGlobal
